
Microsoft Visual Studio Solution File, Format Version 12.00
# Visual Studio Version 17
VisualStudioVersion = 17.9.34607.119
MinimumVisualStudioVersion = 10.0.40219.1
Project("{9A19103F-16F7-4668-BE54-9A1E7A4F7556}") = "Mango_API", "Mango_api\Mango_API.csproj", "{818D9B09-FC82-4F70-B314-95697FFA2200}"
EndProject
Global
	GlobalSection(SolutionConfigurationPlatforms) = preSolution
		Debug|Any CPU = Debug|Any CPU
		Release|Any CPU = Release|Any CPU
	EndGlobalSection
	GlobalSection(ProjectConfigurationPlatforms) = postSolution
		{818D9B09-FC82-4F70-B314-95697FFA2200}.Debug|Any CPU.ActiveCfg = Debug|Any CPU
		{818D9B09-FC82-4F70-B314-95697FFA2200}.Debug|Any CPU.Build.0 = Debug|Any CPU
		{818D9B09-FC82-4F70-B314-95697FFA2200}.Release|Any CPU.ActiveCfg = Release|Any CPU
		{818D9B09-FC82-4F70-B314-95697FFA2200}.Release|Any CPU.Build.0 = Release|Any CPU
	EndGlobalSection
	GlobalSection(SolutionProperties) = preSolution
		HideSolutionNode = FALSE
	EndGlobalSection
	GlobalSection(ExtensibilityGlobals) = postSolution
		SolutionGuid = {400B86E5-6696-4BA0-B1B9-CCDC661CEAA3}
	EndGlobalSection
EndGlobal
